
Microsoft Visual Studio Solution File, Format Version 12.00
# Visual Studio Version 17
VisualStudioVersion = 17.9.34728.123
MinimumVisualStudioVersion = 10.0.40219.1
Project("{2150E333-8FDC-42A3-9474-1A3956D46DE8}") = "Singleton", "Singleton", "{07A2228B-0FB3-4C09-8597-90D9C98D4F81}"
EndProject
Project("{9A19103F-16F7-4668-BE54-9A1E7A4F7556}") = "SingletonSafe1", "SingletoneSafe1\SingletonSafe1.csproj", "{9E339644-438C-431A-B53B-45A89AEF476A}"
EndProject
Project("{9A19103F-16F7-4668-BE54-9A1E7A4F7556}") = "SingletonBase", "SingletoneBase\SingletonBase.csproj", "{5FC74882-1DE5-499C-9C5D-D55358FA3117}"
EndProject
Project("{9A19103F-16F7-4668-BE54-9A1E7A4F7556}") = "SingletonSafe2", "SingletonSafe2\SingletonSafe2.csproj", "{FD5232A8-E7FB-4878-93C7-A92B4207934A}"
EndProject
Project("{9A19103F-16F7-4668-BE54-9A1E7A4F7556}") = "SingletonWithInterface", "SingletonWithInterface\SingletonWithInterface.csproj", "{FD8E5625-4322-425E-9FE8-9C6DB5A0A1E0}"
EndProject
Project("{9A19103F-16F7-4668-BE54-9A1E7A4F7556}") = "Multiton", "Multiton\Multiton.csproj", "{A27F4C7C-F14A-4AF6-8D80-6C077DB04C6E}"
EndProject
Project("{9A19103F-16F7-4668-BE54-9A1E7A4F7556}") = "SingletonWithDI", "SingletonWithDI\SingletonWithDI.csproj", "{5E645E44-8C53-4D90-89A4-605F1D088E3B}"
EndProject
Project("{2150E333-8FDC-42A3-9474-1A3956D46DE8}") = "Prototype", "Prototype", "{96826486-95F1-431B-AD94-404D43D5F94D}"
EndProject
Project("{9A19103F-16F7-4668-BE54-9A1E7A4F7556}") = "Copy1", "Prototype1\Copy1.csproj", "{A0CDC0DD-0919-4585-8628-30216AD2AE67}"
EndProject
Project("{9A19103F-16F7-4668-BE54-9A1E7A4F7556}") = "BasePrototype", "BasePrototype\BasePrototype.csproj", "{820C88E8-FDE8-48E1-9E78-00840BC449CD}"
EndProject
Project("{9A19103F-16F7-4668-BE54-9A1E7A4F7556}") = "GenericPrototype", "GenericPrototype\GenericPrototype.csproj", "{42628349-83B0-4E81-9E19-9BD2D10A4D61}"
EndProject
Project("{2150E333-8FDC-42A3-9474-1A3956D46DE8}") = "FactoryMethod", "FactoryMethod", "{AA531E91-A7F2-412E-8EBA-DB0BA3D2FD35}"
EndProject
Project("{9A19103F-16F7-4668-BE54-9A1E7A4F7556}") = "StorageConnectionFactoryMethod", "StorageConnectionFactoryMethod\StorageConnectionFactoryMethod.csproj", "{9273FAEC-8204-42E9-AEDC-FC8009F6AA01}"
EndProject
Project("{9A19103F-16F7-4668-BE54-9A1E7A4F7556}") = "FactoryMethodWithParameter", "FactoryMethodWithParameter\FactoryMethodWithParameter.csproj", "{5E1045E1-BDF5-468F-AC66-B38E86033739}"
EndProject
Project("{2150E333-8FDC-42A3-9474-1A3956D46DE8}") = "AbstractFactory", "AbstractFactory", "{9E1336E7-C2C1-4767-9C9A-7630BE9AB781}"
EndProject
Project("{9A19103F-16F7-4668-BE54-9A1E7A4F7556}") = "AbstractFactory", "AbstractFactory\AbstractFactory.csproj", "{0B6B7835-83ED-4CB5-9231-FD4492AFF97C}"
EndProject
Project("{2150E333-8FDC-42A3-9474-1A3956D46DE8}") = "Builder", "Builder", "{4A12647F-1FA4-4B4C-BDA4-E9216CF43EB9}"
EndProject
Project("{9A19103F-16F7-4668-BE54-9A1E7A4F7556}") = "Builder", "Builder\Builder.csproj", "{68688D6D-40D5-48B6-B78B-A6946C6D650E}"
EndProject
Project("{2150E333-8FDC-42A3-9474-1A3956D46DE8}") = "Adapter", "Adapter", "{B05C73C2-4A72-4997-93B2-38EF6A36D456}"
EndProject
Project("{9A19103F-16F7-4668-BE54-9A1E7A4F7556}") = "Adapter", "Adapter\Adapter.csproj", "{BB7918AC-F51C-4BE1-B994-D77D418B9964}"
EndProject
Project("{2150E333-8FDC-42A3-9474-1A3956D46DE8}") = "Decorator", "Decorator", "{628B0A88-15BB-40A0-BCF0-2E49AB6EE29B}"
EndProject
Project("{9A19103F-16F7-4668-BE54-9A1E7A4F7556}") = "Decorator", "Decorator\Decorator.csproj", "{B70ECDC3-B507-41AF-84E8-A6EF96FE5DBE}"
EndProject
Project("{2150E333-8FDC-42A3-9474-1A3956D46DE8}") = "Proxy", "Proxy", "{5486FE0B-180F-42A7-85CB-E6F9D61D16B3}"
EndProject
Project("{9A19103F-16F7-4668-BE54-9A1E7A4F7556}") = "Proxy", "Proxy\Proxy.csproj", "{29178E33-DE2E-46B1-8BE9-DD7528C1F304}"
EndProject
Project("{2150E333-8FDC-42A3-9474-1A3956D46DE8}") = "Bridge", "Bridge", "{3A93690D-455C-4EFF-BC84-FA19C250549D}"
EndProject
Project("{9A19103F-16F7-4668-BE54-9A1E7A4F7556}") = "Bridge", "Bridge\Bridge.csproj", "{622D2E86-8895-4C24-92E1-74B39C35403B}"
EndProject
Project("{2150E333-8FDC-42A3-9474-1A3956D46DE8}") = "Facade", "Facade", "{3215ED3C-74A3-43B4-9A0B-272D5E87D696}"
EndProject
Project("{9A19103F-16F7-4668-BE54-9A1E7A4F7556}") = "Facade", "Facade\Facade.csproj", "{8122B9DF-7EAE-45AE-BB3D-885483836B6E}"
EndProject
Project("{2150E333-8FDC-42A3-9474-1A3956D46DE8}") = "Composite", "Composite", "{F01CFD67-1A9B-4A88-B174-4401DA747473}"
EndProject
Project("{9A19103F-16F7-4668-BE54-9A1E7A4F7556}") = "Composite", "Composite\Composite.csproj", "{3149EF38-F7C7-4BB0-826A-4E10E3B1DD98}"
EndProject
Project("{2150E333-8FDC-42A3-9474-1A3956D46DE8}") = "Observer", "Observer", "{E646056C-4992-4116-8F8C-3B8B935D6DBB}"
EndProject
Project("{9A19103F-16F7-4668-BE54-9A1E7A4F7556}") = "Observer", "Observer\Observer.csproj", "{93946C6F-6908-4867-8966-A68542489425}"
EndProject
Project("{9A19103F-16F7-4668-BE54-9A1E7A4F7556}") = "Observer_Push", "Observer_Push\Observer_Push.csproj", "{EB030A22-18C7-4E3F-88F2-C64FAB6E9065}"
EndProject
Project("{9A19103F-16F7-4668-BE54-9A1E7A4F7556}") = "ObserverChangeManager", "ObserverChangeManager\ObserverChangeManager.csproj", "{7774139F-ADD3-4998-A987-5544E5992781}"
EndProject
Project("{9A19103F-16F7-4668-BE54-9A1E7A4F7556}") = "ObserverEvent", "ObserverEvent\ObserverEvent.csproj", "{BC097B88-BB0E-4A43-8424-A8EB57A787D5}"
EndProject
Project("{9A19103F-16F7-4668-BE54-9A1E7A4F7556}") = "Observer_Interfaces", "Observer_Interfaces\Observer_Interfaces.csproj", "{274122B3-DDBC-466B-B6D7-C06A9272A618}"
EndProject
Project("{9A19103F-16F7-4668-BE54-9A1E7A4F7556}") = "Observer_Bidirectional", "Observer_Bidirectional\Observer_Bidirectional.csproj", "{4825CEE3-E6B5-4092-8641-0B67E8C489C3}"
EndProject
Project("{9A19103F-16F7-4668-BE54-9A1E7A4F7556}") = "Observer_MemoryLeak", "Observer_MemoryLeak\Observer_MemoryLeak.csproj", "{607B4FFA-E8C9-404A-97A2-1C42C77AE40D}"
EndProject
Project("{FAE04EC0-301F-11D3-BF4B-00C04F79EFBC}") = "ObserverDeclaratory", "ObserverDeclaratory\ObserverDeclaratory.csproj", "{6A7DF013-EA94-41FA-B8F1-67668B191F8B}"
EndProject
Project("{2150E333-8FDC-42A3-9474-1A3956D46DE8}") = "Flyweight", "Flyweight", "{02EA681E-C7D8-13C7-8484-4AC65E1B71E8}"
EndProject
Project("{FAE04EC0-301F-11D3-BF4B-00C04F79EFBC}") = "Flyweight", "Flyweight\Flyweight.csproj", "{D3328F93-96B6-493C-B471-01FB79779576}"
EndProject
Project("{2150E333-8FDC-42A3-9474-1A3956D46DE8}") = "ChainOfResponsibility", "ChainOfResponsibility", "{EAB1C26D-3EDE-4D1D-B422-E32E7ADC55A0}"
EndProject
Project("{FAE04EC0-301F-11D3-BF4B-00C04F79EFBC}") = "ChainOfResponsibility", "ChainOfResponsibility\ChainOfResponsibility.csproj", "{C7C895E7-0EF5-476E-9A3E-AA859C6E9E58}"
EndProject
Project("{2150E333-8FDC-42A3-9474-1A3956D46DE8}") = "Command", "Command", "{7F78BB80-7D14-4AAA-920D-0E793CC3E032}"
EndProject
Project("{FAE04EC0-301F-11D3-BF4B-00C04F79EFBC}") = "Command", "Command\Command.csproj", "{3378A5BA-D144-44CE-A278-59A6DF713D52}"
EndProject
Project("{2150E333-8FDC-42A3-9474-1A3956D46DE8}") = "Interpreter", "Interpreter", "{E1BA7A26-928D-41F7-B41B-4F0EC3D5D575}"
EndProject
Project("{FAE04EC0-301F-11D3-BF4B-00C04F79EFBC}") = "Interpreter", "Interpreter\Interpreter.csproj", "{E8BD43EC-D30F-47C9-A8DC-27C2C65E238A}"
EndProject
Project("{2150E333-8FDC-42A3-9474-1A3956D46DE8}") = "Iterator", "Iterator", "{453F2C54-CC43-4D2F-A83F-54D70842E42E}"
EndProject
Project("{FAE04EC0-301F-11D3-BF4B-00C04F79EFBC}") = "Auction", "Auction\Auction.csproj", "{67F90313-B534-424E-AD4C-9E5C74F03FF4}"
EndProject
Global
	GlobalSection(SolutionConfigurationPlatforms) = preSolution
		Debug|Any CPU = Debug|Any CPU
		Release|Any CPU = Release|Any CPU
	EndGlobalSection
	GlobalSection(ProjectConfigurationPlatforms) = postSolution
		{9E339644-438C-431A-B53B-45A89AEF476A}.Debug|Any CPU.ActiveCfg = Debug|Any CPU
		{9E339644-438C-431A-B53B-45A89AEF476A}.Debug|Any CPU.Build.0 = Debug|Any CPU
		{9E339644-438C-431A-B53B-45A89AEF476A}.Release|Any CPU.ActiveCfg = Release|Any CPU
		{9E339644-438C-431A-B53B-45A89AEF476A}.Release|Any CPU.Build.0 = Release|Any CPU
		{5FC74882-1DE5-499C-9C5D-D55358FA3117}.Debug|Any CPU.ActiveCfg = Debug|Any CPU
		{5FC74882-1DE5-499C-9C5D-D55358FA3117}.Debug|Any CPU.Build.0 = Debug|Any CPU
		{5FC74882-1DE5-499C-9C5D-D55358FA3117}.Release|Any CPU.ActiveCfg = Release|Any CPU
		{5FC74882-1DE5-499C-9C5D-D55358FA3117}.Release|Any CPU.Build.0 = Release|Any CPU
		{FD5232A8-E7FB-4878-93C7-A92B4207934A}.Debug|Any CPU.ActiveCfg = Debug|Any CPU
		{FD5232A8-E7FB-4878-93C7-A92B4207934A}.Debug|Any CPU.Build.0 = Debug|Any CPU
		{FD5232A8-E7FB-4878-93C7-A92B4207934A}.Release|Any CPU.ActiveCfg = Release|Any CPU
		{FD5232A8-E7FB-4878-93C7-A92B4207934A}.Release|Any CPU.Build.0 = Release|Any CPU
		{FD8E5625-4322-425E-9FE8-9C6DB5A0A1E0}.Debug|Any CPU.ActiveCfg = Debug|Any CPU
		{FD8E5625-4322-425E-9FE8-9C6DB5A0A1E0}.Debug|Any CPU.Build.0 = Debug|Any CPU
		{FD8E5625-4322-425E-9FE8-9C6DB5A0A1E0}.Release|Any CPU.ActiveCfg = Release|Any CPU
		{FD8E5625-4322-425E-9FE8-9C6DB5A0A1E0}.Release|Any CPU.Build.0 = Release|Any CPU
		{A27F4C7C-F14A-4AF6-8D80-6C077DB04C6E}.Debug|Any CPU.ActiveCfg = Debug|Any CPU
		{A27F4C7C-F14A-4AF6-8D80-6C077DB04C6E}.Debug|Any CPU.Build.0 = Debug|Any CPU
		{A27F4C7C-F14A-4AF6-8D80-6C077DB04C6E}.Release|Any CPU.ActiveCfg = Release|Any CPU
		{A27F4C7C-F14A-4AF6-8D80-6C077DB04C6E}.Release|Any CPU.Build.0 = Release|Any CPU
		{5E645E44-8C53-4D90-89A4-605F1D088E3B}.Debug|Any CPU.ActiveCfg = Debug|Any CPU
		{5E645E44-8C53-4D90-89A4-605F1D088E3B}.Debug|Any CPU.Build.0 = Debug|Any CPU
		{5E645E44-8C53-4D90-89A4-605F1D088E3B}.Release|Any CPU.ActiveCfg = Release|Any CPU
		{5E645E44-8C53-4D90-89A4-605F1D088E3B}.Release|Any CPU.Build.0 = Release|Any CPU
		{A0CDC0DD-0919-4585-8628-30216AD2AE67}.Debug|Any CPU.ActiveCfg = Debug|Any CPU
		{A0CDC0DD-0919-4585-8628-30216AD2AE67}.Debug|Any CPU.Build.0 = Debug|Any CPU
		{A0CDC0DD-0919-4585-8628-30216AD2AE67}.Release|Any CPU.ActiveCfg = Release|Any CPU
		{A0CDC0DD-0919-4585-8628-30216AD2AE67}.Release|Any CPU.Build.0 = Release|Any CPU
		{820C88E8-FDE8-48E1-9E78-00840BC449CD}.Debug|Any CPU.ActiveCfg = Debug|Any CPU
		{820C88E8-FDE8-48E1-9E78-00840BC449CD}.Debug|Any CPU.Build.0 = Debug|Any CPU
		{820C88E8-FDE8-48E1-9E78-00840BC449CD}.Release|Any CPU.ActiveCfg = Release|Any CPU
		{820C88E8-FDE8-48E1-9E78-00840BC449CD}.Release|Any CPU.Build.0 = Release|Any CPU
		{42628349-83B0-4E81-9E19-9BD2D10A4D61}.Debug|Any CPU.ActiveCfg = Debug|Any CPU
		{42628349-83B0-4E81-9E19-9BD2D10A4D61}.Debug|Any CPU.Build.0 = Debug|Any CPU
		{42628349-83B0-4E81-9E19-9BD2D10A4D61}.Release|Any CPU.ActiveCfg = Release|Any CPU
		{42628349-83B0-4E81-9E19-9BD2D10A4D61}.Release|Any CPU.Build.0 = Release|Any CPU
		{9273FAEC-8204-42E9-AEDC-FC8009F6AA01}.Debug|Any CPU.ActiveCfg = Debug|Any CPU
		{9273FAEC-8204-42E9-AEDC-FC8009F6AA01}.Debug|Any CPU.Build.0 = Debug|Any CPU
		{9273FAEC-8204-42E9-AEDC-FC8009F6AA01}.Release|Any CPU.ActiveCfg = Release|Any CPU
		{9273FAEC-8204-42E9-AEDC-FC8009F6AA01}.Release|Any CPU.Build.0 = Release|Any CPU
		{5E1045E1-BDF5-468F-AC66-B38E86033739}.Debug|Any CPU.ActiveCfg = Debug|Any CPU
		{5E1045E1-BDF5-468F-AC66-B38E86033739}.Debug|Any CPU.Build.0 = Debug|Any CPU
		{5E1045E1-BDF5-468F-AC66-B38E86033739}.Release|Any CPU.ActiveCfg = Release|Any CPU
		{5E1045E1-BDF5-468F-AC66-B38E86033739}.Release|Any CPU.Build.0 = Release|Any CPU
		{0B6B7835-83ED-4CB5-9231-FD4492AFF97C}.Debug|Any CPU.ActiveCfg = Debug|Any CPU
		{0B6B7835-83ED-4CB5-9231-FD4492AFF97C}.Debug|Any CPU.Build.0 = Debug|Any CPU
		{0B6B7835-83ED-4CB5-9231-FD4492AFF97C}.Release|Any CPU.ActiveCfg = Release|Any CPU
		{0B6B7835-83ED-4CB5-9231-FD4492AFF97C}.Release|Any CPU.Build.0 = Release|Any CPU
		{68688D6D-40D5-48B6-B78B-A6946C6D650E}.Debug|Any CPU.ActiveCfg = Debug|Any CPU
		{68688D6D-40D5-48B6-B78B-A6946C6D650E}.Debug|Any CPU.Build.0 = Debug|Any CPU
		{68688D6D-40D5-48B6-B78B-A6946C6D650E}.Release|Any CPU.ActiveCfg = Release|Any CPU
		{68688D6D-40D5-48B6-B78B-A6946C6D650E}.Release|Any CPU.Build.0 = Release|Any CPU
		{BB7918AC-F51C-4BE1-B994-D77D418B9964}.Debug|Any CPU.ActiveCfg = Debug|Any CPU
		{BB7918AC-F51C-4BE1-B994-D77D418B9964}.Debug|Any CPU.Build.0 = Debug|Any CPU
		{BB7918AC-F51C-4BE1-B994-D77D418B9964}.Release|Any CPU.ActiveCfg = Release|Any CPU
		{BB7918AC-F51C-4BE1-B994-D77D418B9964}.Release|Any CPU.Build.0 = Release|Any CPU
		{B70ECDC3-B507-41AF-84E8-A6EF96FE5DBE}.Debug|Any CPU.ActiveCfg = Debug|Any CPU
		{B70ECDC3-B507-41AF-84E8-A6EF96FE5DBE}.Debug|Any CPU.Build.0 = Debug|Any CPU
		{B70ECDC3-B507-41AF-84E8-A6EF96FE5DBE}.Release|Any CPU.ActiveCfg = Release|Any CPU
		{B70ECDC3-B507-41AF-84E8-A6EF96FE5DBE}.Release|Any CPU.Build.0 = Release|Any CPU
		{29178E33-DE2E-46B1-8BE9-DD7528C1F304}.Debug|Any CPU.ActiveCfg = Debug|Any CPU
		{29178E33-DE2E-46B1-8BE9-DD7528C1F304}.Debug|Any CPU.Build.0 = Debug|Any CPU
		{29178E33-DE2E-46B1-8BE9-DD7528C1F304}.Release|Any CPU.ActiveCfg = Release|Any CPU
		{29178E33-DE2E-46B1-8BE9-DD7528C1F304}.Release|Any CPU.Build.0 = Release|Any CPU
		{622D2E86-8895-4C24-92E1-74B39C35403B}.Debug|Any CPU.ActiveCfg = Debug|Any CPU
		{622D2E86-8895-4C24-92E1-74B39C35403B}.Debug|Any CPU.Build.0 = Debug|Any CPU
		{622D2E86-8895-4C24-92E1-74B39C35403B}.Release|Any CPU.ActiveCfg = Release|Any CPU
		{622D2E86-8895-4C24-92E1-74B39C35403B}.Release|Any CPU.Build.0 = Release|Any CPU
		{8122B9DF-7EAE-45AE-BB3D-885483836B6E}.Debug|Any CPU.ActiveCfg = Debug|Any CPU
		{8122B9DF-7EAE-45AE-BB3D-885483836B6E}.Debug|Any CPU.Build.0 = Debug|Any CPU
		{8122B9DF-7EAE-45AE-BB3D-885483836B6E}.Release|Any CPU.ActiveCfg = Release|Any CPU
		{8122B9DF-7EAE-45AE-BB3D-885483836B6E}.Release|Any CPU.Build.0 = Release|Any CPU
		{3149EF38-F7C7-4BB0-826A-4E10E3B1DD98}.Debug|Any CPU.ActiveCfg = Debug|Any CPU
		{3149EF38-F7C7-4BB0-826A-4E10E3B1DD98}.Debug|Any CPU.Build.0 = Debug|Any CPU
		{3149EF38-F7C7-4BB0-826A-4E10E3B1DD98}.Release|Any CPU.ActiveCfg = Release|Any CPU
		{3149EF38-F7C7-4BB0-826A-4E10E3B1DD98}.Release|Any CPU.Build.0 = Release|Any CPU
		{93946C6F-6908-4867-8966-A68542489425}.Debug|Any CPU.ActiveCfg = Debug|Any CPU
		{93946C6F-6908-4867-8966-A68542489425}.Debug|Any CPU.Build.0 = Debug|Any CPU
		{93946C6F-6908-4867-8966-A68542489425}.Release|Any CPU.ActiveCfg = Release|Any CPU
		{93946C6F-6908-4867-8966-A68542489425}.Release|Any CPU.Build.0 = Release|Any CPU
		{EB030A22-18C7-4E3F-88F2-C64FAB6E9065}.Debug|Any CPU.ActiveCfg = Debug|Any CPU
		{EB030A22-18C7-4E3F-88F2-C64FAB6E9065}.Debug|Any CPU.Build.0 = Debug|Any CPU
		{EB030A22-18C7-4E3F-88F2-C64FAB6E9065}.Release|Any CPU.ActiveCfg = Release|Any CPU
		{EB030A22-18C7-4E3F-88F2-C64FAB6E9065}.Release|Any CPU.Build.0 = Release|Any CPU
		{7774139F-ADD3-4998-A987-5544E5992781}.Debug|Any CPU.ActiveCfg = Debug|Any CPU
		{7774139F-ADD3-4998-A987-5544E5992781}.Debug|Any CPU.Build.0 = Debug|Any CPU
		{7774139F-ADD3-4998-A987-5544E5992781}.Release|Any CPU.ActiveCfg = Release|Any CPU
		{7774139F-ADD3-4998-A987-5544E5992781}.Release|Any CPU.Build.0 = Release|Any CPU
		{BC097B88-BB0E-4A43-8424-A8EB57A787D5}.Debug|Any CPU.ActiveCfg = Debug|Any CPU
		{BC097B88-BB0E-4A43-8424-A8EB57A787D5}.Debug|Any CPU.Build.0 = Debug|Any CPU
		{BC097B88-BB0E-4A43-8424-A8EB57A787D5}.Release|Any CPU.ActiveCfg = Release|Any CPU
		{BC097B88-BB0E-4A43-8424-A8EB57A787D5}.Release|Any CPU.Build.0 = Release|Any CPU
		{274122B3-DDBC-466B-B6D7-C06A9272A618}.Debug|Any CPU.ActiveCfg = Debug|Any CPU
		{274122B3-DDBC-466B-B6D7-C06A9272A618}.Debug|Any CPU.Build.0 = Debug|Any CPU
		{274122B3-DDBC-466B-B6D7-C06A9272A618}.Release|Any CPU.ActiveCfg = Release|Any CPU
		{274122B3-DDBC-466B-B6D7-C06A9272A618}.Release|Any CPU.Build.0 = Release|Any CPU
		{4825CEE3-E6B5-4092-8641-0B67E8C489C3}.Debug|Any CPU.ActiveCfg = Debug|Any CPU
		{4825CEE3-E6B5-4092-8641-0B67E8C489C3}.Debug|Any CPU.Build.0 = Debug|Any CPU
		{4825CEE3-E6B5-4092-8641-0B67E8C489C3}.Release|Any CPU.ActiveCfg = Release|Any CPU
		{4825CEE3-E6B5-4092-8641-0B67E8C489C3}.Release|Any CPU.Build.0 = Release|Any CPU
		{607B4FFA-E8C9-404A-97A2-1C42C77AE40D}.Debug|Any CPU.ActiveCfg = Debug|Any CPU
		{607B4FFA-E8C9-404A-97A2-1C42C77AE40D}.Debug|Any CPU.Build.0 = Debug|Any CPU
		{607B4FFA-E8C9-404A-97A2-1C42C77AE40D}.Release|Any CPU.ActiveCfg = Release|Any CPU
		{607B4FFA-E8C9-404A-97A2-1C42C77AE40D}.Release|Any CPU.Build.0 = Release|Any CPU
		{6A7DF013-EA94-41FA-B8F1-67668B191F8B}.Debug|Any CPU.ActiveCfg = Debug|Any CPU
		{6A7DF013-EA94-41FA-B8F1-67668B191F8B}.Debug|Any CPU.Build.0 = Debug|Any CPU
		{6A7DF013-EA94-41FA-B8F1-67668B191F8B}.Release|Any CPU.ActiveCfg = Release|Any CPU
		{6A7DF013-EA94-41FA-B8F1-67668B191F8B}.Release|Any CPU.Build.0 = Release|Any CPU
		{D3328F93-96B6-493C-B471-01FB79779576}.Debug|Any CPU.ActiveCfg = Debug|Any CPU
		{D3328F93-96B6-493C-B471-01FB79779576}.Debug|Any CPU.Build.0 = Debug|Any CPU
		{D3328F93-96B6-493C-B471-01FB79779576}.Release|Any CPU.ActiveCfg = Release|Any CPU
		{D3328F93-96B6-493C-B471-01FB79779576}.Release|Any CPU.Build.0 = Release|Any CPU
		{C7C895E7-0EF5-476E-9A3E-AA859C6E9E58}.Debug|Any CPU.ActiveCfg = Debug|Any CPU
		{C7C895E7-0EF5-476E-9A3E-AA859C6E9E58}.Debug|Any CPU.Build.0 = Debug|Any CPU
		{C7C895E7-0EF5-476E-9A3E-AA859C6E9E58}.Release|Any CPU.ActiveCfg = Release|Any CPU
		{C7C895E7-0EF5-476E-9A3E-AA859C6E9E58}.Release|Any CPU.Build.0 = Release|Any CPU
		{3378A5BA-D144-44CE-A278-59A6DF713D52}.Debug|Any CPU.ActiveCfg = Debug|Any CPU
		{3378A5BA-D144-44CE-A278-59A6DF713D52}.Debug|Any CPU.Build.0 = Debug|Any CPU
		{3378A5BA-D144-44CE-A278-59A6DF713D52}.Release|Any CPU.ActiveCfg = Release|Any CPU
		{3378A5BA-D144-44CE-A278-59A6DF713D52}.Release|Any CPU.Build.0 = Release|Any CPU
		{E8BD43EC-D30F-47C9-A8DC-27C2C65E238A}.Debug|Any CPU.ActiveCfg = Debug|Any CPU
		{E8BD43EC-D30F-47C9-A8DC-27C2C65E238A}.Debug|Any CPU.Build.0 = Debug|Any CPU
		{E8BD43EC-D30F-47C9-A8DC-27C2C65E238A}.Release|Any CPU.ActiveCfg = Release|Any CPU
		{E8BD43EC-D30F-47C9-A8DC-27C2C65E238A}.Release|Any CPU.Build.0 = Release|Any CPU
		{67F90313-B534-424E-AD4C-9E5C74F03FF4}.Debug|Any CPU.ActiveCfg = Debug|Any CPU
		{67F90313-B534-424E-AD4C-9E5C74F03FF4}.Debug|Any CPU.Build.0 = Debug|Any CPU
		{67F90313-B534-424E-AD4C-9E5C74F03FF4}.Release|Any CPU.ActiveCfg = Release|Any CPU
		{67F90313-B534-424E-AD4C-9E5C74F03FF4}.Release|Any CPU.Build.0 = Release|Any CPU
	EndGlobalSection
	GlobalSection(SolutionProperties) = preSolution
		HideSolutionNode = FALSE
	EndGlobalSection
	GlobalSection(NestedProjects) = preSolution
		{9E339644-438C-431A-B53B-45A89AEF476A} = {07A2228B-0FB3-4C09-8597-90D9C98D4F81}
		{5FC74882-1DE5-499C-9C5D-D55358FA3117} = {07A2228B-0FB3-4C09-8597-90D9C98D4F81}
		{FD5232A8-E7FB-4878-93C7-A92B4207934A} = {07A2228B-0FB3-4C09-8597-90D9C98D4F81}
		{FD8E5625-4322-425E-9FE8-9C6DB5A0A1E0} = {07A2228B-0FB3-4C09-8597-90D9C98D4F81}
		{A27F4C7C-F14A-4AF6-8D80-6C077DB04C6E} = {07A2228B-0FB3-4C09-8597-90D9C98D4F81}
		{5E645E44-8C53-4D90-89A4-605F1D088E3B} = {07A2228B-0FB3-4C09-8597-90D9C98D4F81}
		{A0CDC0DD-0919-4585-8628-30216AD2AE67} = {96826486-95F1-431B-AD94-404D43D5F94D}
		{820C88E8-FDE8-48E1-9E78-00840BC449CD} = {96826486-95F1-431B-AD94-404D43D5F94D}
		{42628349-83B0-4E81-9E19-9BD2D10A4D61} = {96826486-95F1-431B-AD94-404D43D5F94D}
		{9273FAEC-8204-42E9-AEDC-FC8009F6AA01} = {AA531E91-A7F2-412E-8EBA-DB0BA3D2FD35}
		{5E1045E1-BDF5-468F-AC66-B38E86033739} = {AA531E91-A7F2-412E-8EBA-DB0BA3D2FD35}
		{0B6B7835-83ED-4CB5-9231-FD4492AFF97C} = {9E1336E7-C2C1-4767-9C9A-7630BE9AB781}
		{68688D6D-40D5-48B6-B78B-A6946C6D650E} = {4A12647F-1FA4-4B4C-BDA4-E9216CF43EB9}
		{BB7918AC-F51C-4BE1-B994-D77D418B9964} = {B05C73C2-4A72-4997-93B2-38EF6A36D456}
		{B70ECDC3-B507-41AF-84E8-A6EF96FE5DBE} = {628B0A88-15BB-40A0-BCF0-2E49AB6EE29B}
		{29178E33-DE2E-46B1-8BE9-DD7528C1F304} = {5486FE0B-180F-42A7-85CB-E6F9D61D16B3}
		{622D2E86-8895-4C24-92E1-74B39C35403B} = {3A93690D-455C-4EFF-BC84-FA19C250549D}
		{8122B9DF-7EAE-45AE-BB3D-885483836B6E} = {3215ED3C-74A3-43B4-9A0B-272D5E87D696}
		{3149EF38-F7C7-4BB0-826A-4E10E3B1DD98} = {F01CFD67-1A9B-4A88-B174-4401DA747473}
		{93946C6F-6908-4867-8966-A68542489425} = {E646056C-4992-4116-8F8C-3B8B935D6DBB}
		{EB030A22-18C7-4E3F-88F2-C64FAB6E9065} = {E646056C-4992-4116-8F8C-3B8B935D6DBB}
		{7774139F-ADD3-4998-A987-5544E5992781} = {E646056C-4992-4116-8F8C-3B8B935D6DBB}
		{BC097B88-BB0E-4A43-8424-A8EB57A787D5} = {E646056C-4992-4116-8F8C-3B8B935D6DBB}
		{274122B3-DDBC-466B-B6D7-C06A9272A618} = {E646056C-4992-4116-8F8C-3B8B935D6DBB}
		{4825CEE3-E6B5-4092-8641-0B67E8C489C3} = {E646056C-4992-4116-8F8C-3B8B935D6DBB}
		{607B4FFA-E8C9-404A-97A2-1C42C77AE40D} = {E646056C-4992-4116-8F8C-3B8B935D6DBB}
		{6A7DF013-EA94-41FA-B8F1-67668B191F8B} = {E646056C-4992-4116-8F8C-3B8B935D6DBB}
		{D3328F93-96B6-493C-B471-01FB79779576} = {02EA681E-C7D8-13C7-8484-4AC65E1B71E8}
		{C7C895E7-0EF5-476E-9A3E-AA859C6E9E58} = {EAB1C26D-3EDE-4D1D-B422-E32E7ADC55A0}
		{3378A5BA-D144-44CE-A278-59A6DF713D52} = {7F78BB80-7D14-4AAA-920D-0E793CC3E032}
		{E8BD43EC-D30F-47C9-A8DC-27C2C65E238A} = {E1BA7A26-928D-41F7-B41B-4F0EC3D5D575}
		{67F90313-B534-424E-AD4C-9E5C74F03FF4} = {453F2C54-CC43-4D2F-A83F-54D70842E42E}
	EndGlobalSection
	GlobalSection(ExtensibilityGlobals) = postSolution
		SolutionGuid = {F161D0B4-A485-490C-AA8F-DEC0BC207DD6}
	EndGlobalSection
EndGlobal
